
Microsoft Visual Studio Solution File, Format Version 12.00
# Visual Studio 15
VisualStudioVersion = 15.0.27428.2015
MinimumVisualStudioVersion = 10.0.40219.1
Project("{8BC9CEB8-8B4A-11D0-8D11-00A0C91BC942}") = "client", "client\client.vcxproj", "{AF5F7FA8-2C60-4327-BCFE-DA36E6C8183D}"
EndProject
Global
	GlobalSection(SolutionConfigurationPlatforms) = preSolution
		Debug|x64 = Debug|x64
		Debug|x86 = Debug|x86
		Release|x64 = Release|x64
		Release|x86 = Release|x86
	EndGlobalSection
	GlobalSection(ProjectConfigurationPlatforms) = postSolution
		{AF5F7FA8-2C60-4327-BCFE-DA36E6C8183D}.Debug|x64.ActiveCfg = Debug|x64
		{AF5F7FA8-2C60-4327-BCFE-DA36E6C8183D}.Debug|x64.Build.0 = Debug|x64
		{AF5F7FA8-2C60-4327-BCFE-DA36E6C8183D}.Debug|x86.ActiveCfg = Debug|Win32
		{AF5F7FA8-2C60-4327-BCFE-DA36E6C8183D}.Debug|x86.Build.0 = Debug|Win32
		{AF5F7FA8-2C60-4327-BCFE-DA36E6C8183D}.Release|x64.ActiveCfg = Release|x64
		{AF5F7FA8-2C60-4327-BCFE-DA36E6C8183D}.Release|x64.Build.0 = Release|x64
		{AF5F7FA8-2C60-4327-BCFE-DA36E6C8183D}.Release|x86.ActiveCfg = Release|Win32
		{AF5F7FA8-2C60-4327-BCFE-DA36E6C8183D}.Release|x86.Build.0 = Release|Win32
	EndGlobalSection
	GlobalSection(SolutionProperties) = preSolution
		HideSolutionNode = FALSE
	EndGlobalSection
	GlobalSection(ExtensibilityGlobals) = postSolution
		SolutionGuid = {2EF33593-8E15-4101-9366-145E8DCAA08F}
	EndGlobalSection
EndGlobal
